
Microsoft Visual Studio Solution File, Format Version 12.00
# Visual Studio Version 17
VisualStudioVersion = 17.14.36717.8 d17.14
MinimumVisualStudioVersion = 10.0.40219.1
Project("{FAE04EC0-301F-11D3-BF4B-00C04F79EFBC}") = "CourseHub", "CourseHub\CourseHub.csproj", "{D25CD109-438D-476D-90DB-C79CBA5E3030}"
EndProject
Project("{FAE04EC0-301F-11D3-BF4B-00C04F79EFBC}") = "Database", "Database\Database.csproj", "{897DA2D4-D163-4641-926E-B09C35CE49CC}"
EndProject
Global
	GlobalSection(SolutionConfigurationPlatforms) = preSolution
		Debug|Any CPU = Debug|Any CPU
		Release|Any CPU = Release|Any CPU
	EndGlobalSection
	GlobalSection(ProjectConfigurationPlatforms) = postSolution
		{D25CD109-438D-476D-90DB-C79CBA5E3030}.Debug|Any CPU.ActiveCfg = Debug|Any CPU
		{D25CD109-438D-476D-90DB-C79CBA5E3030}.Debug|Any CPU.Build.0 = Debug|Any CPU
		{D25CD109-438D-476D-90DB-C79CBA5E3030}.Release|Any CPU.ActiveCfg = Release|Any CPU
		{D25CD109-438D-476D-90DB-C79CBA5E3030}.Release|Any CPU.Build.0 = Release|Any CPU
		{897DA2D4-D163-4641-926E-B09C35CE49CC}.Debug|Any CPU.ActiveCfg = Debug|Any CPU
		{897DA2D4-D163-4641-926E-B09C35CE49CC}.Debug|Any CPU.Build.0 = Debug|Any CPU
		{897DA2D4-D163-4641-926E-B09C35CE49CC}.Release|Any CPU.ActiveCfg = Release|Any CPU
		{897DA2D4-D163-4641-926E-B09C35CE49CC}.Release|Any CPU.Build.0 = Release|Any CPU
	EndGlobalSection
	GlobalSection(SolutionProperties) = preSolution
		HideSolutionNode = FALSE
	EndGlobalSection
	GlobalSection(ExtensibilityGlobals) = postSolution
		SolutionGuid = {3A1472FB-5E20-4BD0-8528-6C44005D498F}
	EndGlobalSection
EndGlobal
